
Microsoft Visual Studio Solution File, Format Version 12.00
# Visual Studio Version 17
VisualStudioVersion = 17.14.36511.14 d17.14
MinimumVisualStudioVersion = 10.0.40219.1
Project("{FAE04EC0-301F-11D3-BF4B-00C04F79EFBC}") = "Paint", "Paint.csproj", "{56D506F0-769D-42F1-A772-D77866CDD977}"
EndProject
Global
	GlobalSection(SolutionConfigurationPlatforms) = preSolution
		Debug|Any CPU = Debug|Any CPU
		Release|Any CPU = Release|Any CPU
	EndGlobalSection
	GlobalSection(ProjectConfigurationPlatforms) = postSolution
		{56D506F0-769D-42F1-A772-D77866CDD977}.Debug|Any CPU.ActiveCfg = Debug|Any CPU
		{56D506F0-769D-42F1-A772-D77866CDD977}.Debug|Any CPU.Build.0 = Debug|Any CPU
		{56D506F0-769D-42F1-A772-D77866CDD977}.Release|Any CPU.ActiveCfg = Release|Any CPU
		{56D506F0-769D-42F1-A772-D77866CDD977}.Release|Any CPU.Build.0 = Release|Any CPU
	EndGlobalSection
	GlobalSection(SolutionProperties) = preSolution
		HideSolutionNode = FALSE
	EndGlobalSection
	GlobalSection(ExtensibilityGlobals) = postSolution
		SolutionGuid = {33BBD5C7-D6F1-47F1-B179-EE7CF6514609}
	EndGlobalSection
EndGlobal
